PackratFormat: 1.4
PackratVersion: 0.7.0
RVersion: 4.1.0
Repos: CRAN=https://cloud.r-project.org

Package: base64enc
Source: CRAN
Version: 0.1-3
Hash: c590d29e555926af053055e23ee79efb

Package: digest
Source: CRAN
Version: 0.6.28
Hash: d2e15f0b261d4710348e37d3eb58841a

Package: evaluate
Source: CRAN
Version: 0.14
Hash: 18306cc3bc1aec7b7360eea8a0eb0ee1

Package: fastmap
Source: CRAN
Version: 1.1.0
Hash: e4d212b14d40b91c791c0b9d3b6ffd99

Package: glue
Source: CRAN
Version: 1.4.2
Hash: afa798ba9deec3676e20300b79094749

Package: highr
Source: CRAN
Version: 0.9
Hash: 375daf47b5970a62560496bb8c6b996e
Requires: xfun

Package: htmltools
Source: CRAN
Version: 0.5.2
Hash: b28ba309140d26d4c282c4b5f91240aa
Requires: base64enc, digest, fastmap, rlang

Package: jsonlite
Source: CRAN
Version: 1.7.2
Hash: a5965fb563ba3643e75c425a82f935e6

Package: knitr
Source: CRAN
Version: 1.36
Hash: 2e00679da833380a9f7105f83dc2f257
Requires: evaluate, highr, xfun, stringr, yaml

Package: magrittr
Source: CRAN
Version: 2.0.1
Hash: d3c166b0573ae8c918edf7221dfe7380

Package: packrat
Source: CRAN
Version: 0.7.0
Hash: 3d49688287bd2246cd8a58e233be39d5

Package: rlang
Source: CRAN
Version: 0.4.11
Hash: 765f56f2e0697cfd1ad4c9d34e4efedc

Package: rmarkdown
Source: CRAN
Version: 2.9
Hash: a9a24aca98fe11a8510ec7696c2acdbb
Requires: evaluate, htmltools, jsonlite, knitr, stringr, xfun, yaml,
    tinytex

Package: stringi
Source: CRAN
Version: 1.7.5
Hash: d49f2da012242d09be61287cc032b9c9

Package: stringr
Source: CRAN
Version: 1.4.0
Hash: 67da32dbb2a7a16f2ef124336358e54a
Requires: glue, magrittr, stringi

Package: tinytex
Source: CRAN
Version: 0.32
Hash: d69cdbd3261f0f6b3e01345bd8a86b27
Requires: xfun

Package: xfun
Source: CRAN
Version: 0.26
Hash: de4ab2b5e19ccea04b75167d29f143f8

Package: yaml
Source: CRAN
Version: 2.2.1
Hash: 424bc11cc358f23187feaa7978628196
